
Microsoft Visual Studio Solution File, Format Version 12.00
# Visual Studio 15
VisualStudioVersion = 15.0.28010.2041
MinimumVisualStudioVersion = 10.0.40219.1
Project("{9A19103F-16F7-4668-BE54-9A1E7A4F7556}") = "Lds.MongoRepository", "Lds.MongoRepository\Lds.MongoRepository.csproj", "{A9D57653-60F6-4E6A-A440-11D31E31E728}"
EndProject
Project("{FAE04EC0-301F-11D3-BF4B-00C04F79EFBC}") = "Lds.MongoRepositoryTests", "Lds.MongoRepositoryTests\Lds.MongoRepositoryTests.csproj", "{C10DEED3-49C7-4F9E-B838-657BB02FBC51}"
EndProject
Global
	GlobalSection(SolutionConfigurationPlatforms) = preSolution
		Debug|Any CPU = Debug|Any CPU
		Release|Any CPU = Release|Any CPU
	EndGlobalSection
	GlobalSection(ProjectConfigurationPlatforms) = postSolution
		{A9D57653-60F6-4E6A-A440-11D31E31E728}.Debug|Any CPU.ActiveCfg = Debug|Any CPU
		{A9D57653-60F6-4E6A-A440-11D31E31E728}.Debug|Any CPU.Build.0 = Debug|Any CPU
		{A9D57653-60F6-4E6A-A440-11D31E31E728}.Release|Any CPU.ActiveCfg = Release|Any CPU
		{A9D57653-60F6-4E6A-A440-11D31E31E728}.Release|Any CPU.Build.0 = Release|Any CPU
		{C10DEED3-49C7-4F9E-B838-657BB02FBC51}.Debug|Any CPU.ActiveCfg = Debug|Any CPU
		{C10DEED3-49C7-4F9E-B838-657BB02FBC51}.Debug|Any CPU.Build.0 = Debug|Any CPU
		{C10DEED3-49C7-4F9E-B838-657BB02FBC51}.Release|Any CPU.ActiveCfg = Release|Any CPU
		{C10DEED3-49C7-4F9E-B838-657BB02FBC51}.Release|Any CPU.Build.0 = Release|Any CPU
	EndGlobalSection
	GlobalSection(SolutionProperties) = preSolution
		HideSolutionNode = FALSE
	EndGlobalSection
	GlobalSection(ExtensibilityGlobals) = postSolution
		SolutionGuid = {6EDCDDFE-B4CA-4733-B1F2-FC7FF3372B26}
	EndGlobalSection
EndGlobal
